
Microsoft Visual Studio Solution File, Format Version 12.00
# Visual Studio Version 17
VisualStudioVersion = 17.1.32210.238
MinimumVisualStudioVersion = 10.0.40219.1
Project("{FAE04EC0-301F-11D3-BF4B-00C04F79EFBC}") = "YadonBot", "YadonBot\YadonBot.csproj", "{A7E1DD4A-5D69-4CED-AAFF-D2189B6020E3}"
EndProject
Global
	GlobalSection(SolutionConfigurationPlatforms) = preSolution
		Debug|Any CPU = Debug|Any CPU
		Release|Any CPU = Release|Any CPU
	EndGlobalSection
	GlobalSection(ProjectConfigurationPlatforms) = postSolution
		{A7E1DD4A-5D69-4CED-AAFF-D2189B6020E3}.Debug|Any CPU.ActiveCfg = Debug|Any CPU
		{A7E1DD4A-5D69-4CED-AAFF-D2189B6020E3}.Debug|Any CPU.Build.0 = Debug|Any CPU
		{A7E1DD4A-5D69-4CED-AAFF-D2189B6020E3}.Release|Any CPU.ActiveCfg = Release|Any CPU
		{A7E1DD4A-5D69-4CED-AAFF-D2189B6020E3}.Release|Any CPU.Build.0 = Release|Any CPU
	EndGlobalSection
	GlobalSection(SolutionProperties) = preSolution
		HideSolutionNode = FALSE
	EndGlobalSection
	GlobalSection(ExtensibilityGlobals) = postSolution
		SolutionGuid = {703D8A3A-569C-431D-9BBF-2CA1E5A085E3}
	EndGlobalSection
EndGlobal
